
Microsoft Visual Studio Solution File, Format Version 12.00
# Visual Studio Version 17
VisualStudioVersion = 17.9.34728.123
MinimumVisualStudioVersion = 10.0.40219.1
Project("{FAE04EC0-301F-11D3-BF4B-00C04F79EFBC}") = "FM.GRP-03-27", "FM.GRP-03-27.csproj", "{830AF1C9-3063-4BB5-B546-4D8370EA6A17}"
EndProject
Global
	GlobalSection(SolutionConfigurationPlatforms) = preSolution
		Debug|Any CPU = Debug|Any CPU
		Release|Any CPU = Release|Any CPU
	EndGlobalSection
	GlobalSection(ProjectConfigurationPlatforms) = postSolution
		{830AF1C9-3063-4BB5-B546-4D8370EA6A17}.Debug|Any CPU.ActiveCfg = Debug|Any CPU
		{830AF1C9-3063-4BB5-B546-4D8370EA6A17}.Debug|Any CPU.Build.0 = Debug|Any CPU
		{830AF1C9-3063-4BB5-B546-4D8370EA6A17}.Release|Any CPU.ActiveCfg = Release|Any CPU
		{830AF1C9-3063-4BB5-B546-4D8370EA6A17}.Release|Any CPU.Build.0 = Release|Any CPU
	EndGlobalSection
	GlobalSection(SolutionProperties) = preSolution
		HideSolutionNode = FALSE
	EndGlobalSection
	GlobalSection(ExtensibilityGlobals) = postSolution
		SolutionGuid = {8ACF2C2D-177A-4970-98F3-3C3D5646CABE}
	EndGlobalSection
EndGlobal
